
Microsoft Visual Studio Solution File, Format Version 12.00
# Visual Studio Version 16
VisualStudioVersion = 16.0.33920.266
MinimumVisualStudioVersion = 10.0.40219.1
Project("{FAE04EC0-301F-11D3-BF4B-00C04F79EFBC}") = "CapaVista", "CapaVista\CapaVista.csproj", "{3ADA9619-BB0B-47C3-89D4-A872CD7EC790}"
EndProject
Project("{FAE04EC0-301F-11D3-BF4B-00C04F79EFBC}") = "CapaControlador", "CapaControlador\CapaControlador.csproj", "{8D306B61-F430-4A79-9FEE-FD38A5F0CF7D}"
EndProject
Project("{FAE04EC0-301F-11D3-BF4B-00C04F79EFBC}") = "CapaModelo", "CapaModelo\CapaModelo.csproj", "{1F5772BF-036A-498F-920C-F6C5F7B459BA}"
EndProject
Global
	GlobalSection(SolutionConfigurationPlatforms) = preSolution
		Debug|Any CPU = Debug|Any CPU
		Release|Any CPU = Release|Any CPU
	EndGlobalSection
	GlobalSection(ProjectConfigurationPlatforms) = postSolution
		{3ADA9619-BB0B-47C3-89D4-A872CD7EC790}.Debug|Any CPU.ActiveCfg = Debug|Any CPU
		{3ADA9619-BB0B-47C3-89D4-A872CD7EC790}.Debug|Any CPU.Build.0 = Debug|Any CPU
		{3ADA9619-BB0B-47C3-89D4-A872CD7EC790}.Release|Any CPU.ActiveCfg = Release|Any CPU
		{3ADA9619-BB0B-47C3-89D4-A872CD7EC790}.Release|Any CPU.Build.0 = Release|Any CPU
		{8D306B61-F430-4A79-9FEE-FD38A5F0CF7D}.Debug|Any CPU.ActiveCfg = Debug|Any CPU
		{8D306B61-F430-4A79-9FEE-FD38A5F0CF7D}.Debug|Any CPU.Build.0 = Debug|Any CPU
		{8D306B61-F430-4A79-9FEE-FD38A5F0CF7D}.Release|Any CPU.ActiveCfg = Release|Any CPU
		{8D306B61-F430-4A79-9FEE-FD38A5F0CF7D}.Release|Any CPU.Build.0 = Release|Any CPU
		{1F5772BF-036A-498F-920C-F6C5F7B459BA}.Debug|Any CPU.ActiveCfg = Debug|Any CPU
		{1F5772BF-036A-498F-920C-F6C5F7B459BA}.Debug|Any CPU.Build.0 = Debug|Any CPU
		{1F5772BF-036A-498F-920C-F6C5F7B459BA}.Release|Any CPU.ActiveCfg = Release|Any CPU
		{1F5772BF-036A-498F-920C-F6C5F7B459BA}.Release|Any CPU.Build.0 = Release|Any CPU
	EndGlobalSection
	GlobalSection(SolutionProperties) = preSolution
		HideSolutionNode = FALSE
	EndGlobalSection
	GlobalSection(ExtensibilityGlobals) = postSolution
		SolutionGuid = {E5493582-637B-4799-981D-505CA71CDD30}
	EndGlobalSection
EndGlobal
